
Microsoft Visual Studio Solution File, Format Version 12.00
# Visual Studio Version 16
VisualStudioVersion = 16.0.30523.141
MinimumVisualStudioVersion = 10.0.40219.1
Project("{2150E333-8FDC-42A3-9474-1A3956D46DE8}") = "1 - Apresentation", "1 - Apresentation", "{0FD45801-6583-4D13-818C-9295D8FED18F}"
EndProject
Project("{2150E333-8FDC-42A3-9474-1A3956D46DE8}") = "2 - Services", "2 - Services", "{7C31B1D1-186E-4CCE-8C92-F3A43EF34B37}"
EndProject
Project("{2150E333-8FDC-42A3-9474-1A3956D46DE8}") = "3 - Application", "3 - Application", "{9230F2FD-0110-4DC2-A619-5B69763F75C9}"
EndProject
Project("{2150E333-8FDC-42A3-9474-1A3956D46DE8}") = "4 - Domain", "4 - Domain", "{2BA63660-A17C-4CB6-B6EC-FB4CA0553BC8}"
EndProject
Project("{2150E333-8FDC-42A3-9474-1A3956D46DE8}") = "5 - Infrastructure", "5 - Infrastructure", "{18A73FF3-3EDF-4D89-914E-B793D7D2E28E}"
EndProject
Project("{9A19103F-16F7-4668-BE54-9A1E7A4F7556}") = "Base.Core", "Base.Core\Base.Core.csproj", "{D6E4B469-5CF0-4DBA-B4BA-E977163E7553}"
EndProject
Project("{9A19103F-16F7-4668-BE54-9A1E7A4F7556}") = "EF.Base.Core", "EF.Base.Core\EF.Base.Core.csproj", "{87A021CE-00CD-4BBA-97EF-DF64CDB95ABF}"
EndProject
Project("{2150E333-8FDC-42A3-9474-1A3956D46DE8}") = "5.1 - Core", "5.1 - Core", "{9B55EB91-4E30-487F-A919-EC740E0CDD6E}"
EndProject
Project("{2150E333-8FDC-42A3-9474-1A3956D46DE8}") = "5.3 - CrossCutting", "5.3 - CrossCutting", "{CE7679C0-C8AB-40B7-8508-35F4B950BC77}"
EndProject
Project("{9A19103F-16F7-4668-BE54-9A1E7A4F7556}") = "Sinaf.DTO", "Sinaf.DTO\Sinaf.DTO.csproj", "{EC8B48B9-1E7B-4027-8592-B7BFE7B5B185}"
EndProject
Project("{9A19103F-16F7-4668-BE54-9A1E7A4F7556}") = "Sinaf.Domain", "Sinaf.Domain\Sinaf.Domain.csproj", "{55C5F786-C264-43DC-B1DB-08B71CA00043}"
EndProject
Project("{9A19103F-16F7-4668-BE54-9A1E7A4F7556}") = "Sinaf.Application", "Sinaf.Application\Sinaf.Application.csproj", "{AF72193A-77E0-43F7-915E-4E1C702C4CCA}"
EndProject
Project("{9A19103F-16F7-4668-BE54-9A1E7A4F7556}") = "Sinaf.API", "Sinaf.API\Sinaf.API.csproj", "{26B114D1-3936-497A-9318-AB37B915A50D}"
EndProject
Project("{9A19103F-16F7-4668-BE54-9A1E7A4F7556}") = "Sinaf.Domain.Data", "Sinaf.Domain.Data\Sinaf.Domain.Data.csproj", "{4A9D3710-0DA9-47AC-A665-6BB4832050EC}"
EndProject
Project("{FAE04EC0-301F-11D3-BF4B-00C04F79EFBC}") = "Sinaf.Web", "Sinaf.Web\Sinaf.Web.csproj", "{3CD51369-F2FB-4DE3-9DF1-2B33F4D0B48F}"
EndProject
Global
	GlobalSection(SolutionConfigurationPlatforms) = preSolution
		Debug|Any CPU = Debug|Any CPU
		Release|Any CPU = Release|Any CPU
	EndGlobalSection
	GlobalSection(ProjectConfigurationPlatforms) = postSolution
		{D6E4B469-5CF0-4DBA-B4BA-E977163E7553}.Debug|Any CPU.ActiveCfg = Debug|Any CPU
		{D6E4B469-5CF0-4DBA-B4BA-E977163E7553}.Debug|Any CPU.Build.0 = Debug|Any CPU
		{D6E4B469-5CF0-4DBA-B4BA-E977163E7553}.Release|Any CPU.ActiveCfg = Release|Any CPU
		{D6E4B469-5CF0-4DBA-B4BA-E977163E7553}.Release|Any CPU.Build.0 = Release|Any CPU
		{87A021CE-00CD-4BBA-97EF-DF64CDB95ABF}.Debug|Any CPU.ActiveCfg = Debug|Any CPU
		{87A021CE-00CD-4BBA-97EF-DF64CDB95ABF}.Debug|Any CPU.Build.0 = Debug|Any CPU
		{87A021CE-00CD-4BBA-97EF-DF64CDB95ABF}.Release|Any CPU.ActiveCfg = Release|Any CPU
		{87A021CE-00CD-4BBA-97EF-DF64CDB95ABF}.Release|Any CPU.Build.0 = Release|Any CPU
		{EC8B48B9-1E7B-4027-8592-B7BFE7B5B185}.Debug|Any CPU.ActiveCfg = Debug|Any CPU
		{EC8B48B9-1E7B-4027-8592-B7BFE7B5B185}.Debug|Any CPU.Build.0 = Debug|Any CPU
		{EC8B48B9-1E7B-4027-8592-B7BFE7B5B185}.Release|Any CPU.ActiveCfg = Release|Any CPU
		{EC8B48B9-1E7B-4027-8592-B7BFE7B5B185}.Release|Any CPU.Build.0 = Release|Any CPU
		{55C5F786-C264-43DC-B1DB-08B71CA00043}.Debug|Any CPU.ActiveCfg = Debug|Any CPU
		{55C5F786-C264-43DC-B1DB-08B71CA00043}.Debug|Any CPU.Build.0 = Debug|Any CPU
		{55C5F786-C264-43DC-B1DB-08B71CA00043}.Release|Any CPU.ActiveCfg = Release|Any CPU
		{55C5F786-C264-43DC-B1DB-08B71CA00043}.Release|Any CPU.Build.0 = Release|Any CPU
		{AF72193A-77E0-43F7-915E-4E1C702C4CCA}.Debug|Any CPU.ActiveCfg = Debug|Any CPU
		{AF72193A-77E0-43F7-915E-4E1C702C4CCA}.Debug|Any CPU.Build.0 = Debug|Any CPU
		{AF72193A-77E0-43F7-915E-4E1C702C4CCA}.Release|Any CPU.ActiveCfg = Release|Any CPU
		{AF72193A-77E0-43F7-915E-4E1C702C4CCA}.Release|Any CPU.Build.0 = Release|Any CPU
		{26B114D1-3936-497A-9318-AB37B915A50D}.Debug|Any CPU.ActiveCfg = Debug|Any CPU
		{26B114D1-3936-497A-9318-AB37B915A50D}.Debug|Any CPU.Build.0 = Debug|Any CPU
		{26B114D1-3936-497A-9318-AB37B915A50D}.Release|Any CPU.ActiveCfg = Release|Any CPU
		{26B114D1-3936-497A-9318-AB37B915A50D}.Release|Any CPU.Build.0 = Release|Any CPU
		{4A9D3710-0DA9-47AC-A665-6BB4832050EC}.Debug|Any CPU.ActiveCfg = Debug|Any CPU
		{4A9D3710-0DA9-47AC-A665-6BB4832050EC}.Debug|Any CPU.Build.0 = Debug|Any CPU
		{4A9D3710-0DA9-47AC-A665-6BB4832050EC}.Release|Any CPU.ActiveCfg = Release|Any CPU
		{4A9D3710-0DA9-47AC-A665-6BB4832050EC}.Release|Any CPU.Build.0 = Release|Any CPU
		{3CD51369-F2FB-4DE3-9DF1-2B33F4D0B48F}.Debug|Any CPU.ActiveCfg = Debug|Any CPU
		{3CD51369-F2FB-4DE3-9DF1-2B33F4D0B48F}.Debug|Any CPU.Build.0 = Debug|Any CPU
		{3CD51369-F2FB-4DE3-9DF1-2B33F4D0B48F}.Release|Any CPU.ActiveCfg = Release|Any CPU
		{3CD51369-F2FB-4DE3-9DF1-2B33F4D0B48F}.Release|Any CPU.Build.0 = Release|Any CPU
	EndGlobalSection
	GlobalSection(SolutionProperties) = preSolution
		HideSolutionNode = FALSE
	EndGlobalSection
	GlobalSection(NestedProjects) = preSolution
		{D6E4B469-5CF0-4DBA-B4BA-E977163E7553} = {9B55EB91-4E30-487F-A919-EC740E0CDD6E}
		{87A021CE-00CD-4BBA-97EF-DF64CDB95ABF} = {9B55EB91-4E30-487F-A919-EC740E0CDD6E}
		{9B55EB91-4E30-487F-A919-EC740E0CDD6E} = {18A73FF3-3EDF-4D89-914E-B793D7D2E28E}
		{CE7679C0-C8AB-40B7-8508-35F4B950BC77} = {18A73FF3-3EDF-4D89-914E-B793D7D2E28E}
		{EC8B48B9-1E7B-4027-8592-B7BFE7B5B185} = {CE7679C0-C8AB-40B7-8508-35F4B950BC77}
		{55C5F786-C264-43DC-B1DB-08B71CA00043} = {2BA63660-A17C-4CB6-B6EC-FB4CA0553BC8}
		{AF72193A-77E0-43F7-915E-4E1C702C4CCA} = {9230F2FD-0110-4DC2-A619-5B69763F75C9}
		{26B114D1-3936-497A-9318-AB37B915A50D} = {7C31B1D1-186E-4CCE-8C92-F3A43EF34B37}
		{4A9D3710-0DA9-47AC-A665-6BB4832050EC} = {2BA63660-A17C-4CB6-B6EC-FB4CA0553BC8}
		{3CD51369-F2FB-4DE3-9DF1-2B33F4D0B48F} = {0FD45801-6583-4D13-818C-9295D8FED18F}
	EndGlobalSection
	GlobalSection(ExtensibilityGlobals) = postSolution
		SolutionGuid = {FD42DC81-C513-4E26-AC15-C62770974D32}
	EndGlobalSection
EndGlobal
